{
	"name": "@jurijsk/dummy-two",
	"version": "1.0.0",
	"lockfileVersion": 3,
	"requires": true,
	"packages": {
		"": {
			"name": "@jurijsk/dummy-two",
			"version": "1.0.0",
			"license": "ISC",
			"dependencies": {
				"@jurijsk/dummy": "github:jurijsk/dummy"
			},
			"devDependencies": {
				"typescript": "^5.7.3"
			}
		},
		"node_modules/@jurijsk/dummy": {
			"version": "1.1.9",
			"resolved": "git+ssh://git@github.com/jurijsk/dummy.git#4ef87aa4fa9aba6fe0f44a106e0f2445b7f5f2e0",
			"license": "MIT"
		},
		"node_modules/typescript": {
			"version": "5.7.3",
			"resolved": "https://registry.npmjs.org/typescript/-/typescript-5.7.3.tgz",
			"integrity": "sha512-84MVSjMEHP+FQRPy3pX9sTVV/INIex71s9TL2Gm5FG/WG1SqXeKyZ0k7/blY/4FdOzI12CBy1vGc4og/eus0fw==",
			"dev": true,
			"license": "Apache-2.0",
			"bin": {
				"tsc": "bin/tsc",
				"tsserver": "bin/tsserver"
			},
			"engines": {
				"node": ">=14.17"
			}
		}
	}
}
